
Microsoft Visual Studio Solution File, Format Version 11.00
# Visual Studio 2010
Project("{FAE04EC0-301F-11D3-BF4B-00C04F79EFBC}") = "Tahelka", "Assembly-CSharp.csproj", "{789519E4-FCA4-2245-BD47-9E603F2BBC3C}"
EndProject
Project("{FAE04EC0-301F-11D3-BF4B-00C04F79EFBC}") = "Tahelka", "Assembly-CSharp-Editor.csproj", "{59401CF8-1DAC-31C7-567A-BB8F32B11B40}"
EndProject
Global
	GlobalSection(SolutionConfigurationPlatforms) = preSolution
		Debug|Any CPU = Debug|Any CPU
		Release|Any CPU = Release|Any CPU
	EndGlobalSection
	GlobalSection(ProjectConfigurationPlatforms) = postSolution
		{789519E4-FCA4-2245-BD47-9E603F2BBC3C}.Debug|Any CPU.ActiveCfg = Debug|Any CPU
		{789519E4-FCA4-2245-BD47-9E603F2BBC3C}.Debug|Any CPU.Build.0 = Debug|Any CPU
		{789519E4-FCA4-2245-BD47-9E603F2BBC3C}.Release|Any CPU.ActiveCfg = Release|Any CPU
		{789519E4-FCA4-2245-BD47-9E603F2BBC3C}.Release|Any CPU.Build.0 = Release|Any CPU
		{59401CF8-1DAC-31C7-567A-BB8F32B11B40}.Debug|Any CPU.ActiveCfg = Debug|Any CPU
		{59401CF8-1DAC-31C7-567A-BB8F32B11B40}.Debug|Any CPU.Build.0 = Debug|Any CPU
		{59401CF8-1DAC-31C7-567A-BB8F32B11B40}.Release|Any CPU.ActiveCfg = Release|Any CPU
		{59401CF8-1DAC-31C7-567A-BB8F32B11B40}.Release|Any CPU.Build.0 = Release|Any CPU
	EndGlobalSection
	GlobalSection(SolutionProperties) = preSolution
		HideSolutionNode = FALSE
	EndGlobalSection
	GlobalSection(MonoDevelopProperties) = preSolution
		StartupItem = Assembly-CSharp.csproj
	EndGlobalSection
EndGlobal
